
Microsoft Visual Studio Solution File, Format Version 12.00
# Visual Studio Version 16
VisualStudioVersion = 16.0.29920.165
MinimumVisualStudioVersion = 10.0.40219.1
Project("{FAE04EC0-301F-11D3-BF4B-00C04F79EFBC}") = "EntidadFinanciera", "EntidadFinanciera\EntidadFinanciera.csproj", "{596AD202-3091-4CA3-B53F-C91C8A6F1CF4}"
EndProject
Project("{FAE04EC0-301F-11D3-BF4B-00C04F79EFBC}") = "TestFinanciera", "TestFinanciera\TestFinanciera.csproj", "{65818D5D-F00D-4289-B662-ED5B2FEC89D7}"
EndProject
Global
	GlobalSection(SolutionConfigurationPlatforms) = preSolution
		Debug|Any CPU = Debug|Any CPU
		Release|Any CPU = Release|Any CPU
	EndGlobalSection
	GlobalSection(ProjectConfigurationPlatforms) = postSolution
		{596AD202-3091-4CA3-B53F-C91C8A6F1CF4}.Debug|Any CPU.ActiveCfg = Debug|Any CPU
		{596AD202-3091-4CA3-B53F-C91C8A6F1CF4}.Debug|Any CPU.Build.0 = Debug|Any CPU
		{596AD202-3091-4CA3-B53F-C91C8A6F1CF4}.Release|Any CPU.ActiveCfg = Release|Any CPU
		{596AD202-3091-4CA3-B53F-C91C8A6F1CF4}.Release|Any CPU.Build.0 = Release|Any CPU
		{65818D5D-F00D-4289-B662-ED5B2FEC89D7}.Debug|Any CPU.ActiveCfg = Debug|Any CPU
		{65818D5D-F00D-4289-B662-ED5B2FEC89D7}.Debug|Any CPU.Build.0 = Debug|Any CPU
		{65818D5D-F00D-4289-B662-ED5B2FEC89D7}.Release|Any CPU.ActiveCfg = Release|Any CPU
		{65818D5D-F00D-4289-B662-ED5B2FEC89D7}.Release|Any CPU.Build.0 = Release|Any CPU
	EndGlobalSection
	GlobalSection(SolutionProperties) = preSolution
		HideSolutionNode = FALSE
	EndGlobalSection
	GlobalSection(ExtensibilityGlobals) = postSolution
		SolutionGuid = {C37E6503-CD65-4348-88D3-DA5DF461F633}
	EndGlobalSection
EndGlobal
