
Microsoft Visual Studio Solution File, Format Version 12.00
# Visual Studio Version 16
VisualStudioVersion = 16.0.29920.165
MinimumVisualStudioVersion = 10.0.40219.1
Project("{FAE04EC0-301F-11D3-BF4B-00C04F79EFBC}") = "CentralitaHerencia", "CentralTelefonica\CentralitaHerencia.csproj", "{74381FB1-962B-49F5-9972-C1ACC504D309}"
EndProject
Project("{FAE04EC0-301F-11D3-BF4B-00C04F79EFBC}") = "TestCentralita", "TestCentralita\TestCentralita.csproj", "{3CE4B2DA-FEF8-46C6-ACED-2F7EB7747DCE}"
EndProject
Project("{FAE04EC0-301F-11D3-BF4B-00C04F79EFBC}") = "Centralita", "Centralita\Centralita.csproj", "{33670853-A5BB-4A66-86C6-C11E7B93C81D}"
EndProject
Global
	GlobalSection(SolutionConfigurationPlatforms) = preSolution
		Debug|Any CPU = Debug|Any CPU
		Release|Any CPU = Release|Any CPU
	EndGlobalSection
	GlobalSection(ProjectConfigurationPlatforms) = postSolution
		{74381FB1-962B-49F5-9972-C1ACC504D309}.Debug|Any CPU.ActiveCfg = Debug|Any CPU
		{74381FB1-962B-49F5-9972-C1ACC504D309}.Debug|Any CPU.Build.0 = Debug|Any CPU
		{74381FB1-962B-49F5-9972-C1ACC504D309}.Release|Any CPU.ActiveCfg = Release|Any CPU
		{74381FB1-962B-49F5-9972-C1ACC504D309}.Release|Any CPU.Build.0 = Release|Any CPU
		{3CE4B2DA-FEF8-46C6-ACED-2F7EB7747DCE}.Debug|Any CPU.ActiveCfg = Debug|Any CPU
		{3CE4B2DA-FEF8-46C6-ACED-2F7EB7747DCE}.Debug|Any CPU.Build.0 = Debug|Any CPU
		{3CE4B2DA-FEF8-46C6-ACED-2F7EB7747DCE}.Release|Any CPU.ActiveCfg = Release|Any CPU
		{3CE4B2DA-FEF8-46C6-ACED-2F7EB7747DCE}.Release|Any CPU.Build.0 = Release|Any CPU
		{33670853-A5BB-4A66-86C6-C11E7B93C81D}.Debug|Any CPU.ActiveCfg = Debug|Any CPU
		{33670853-A5BB-4A66-86C6-C11E7B93C81D}.Debug|Any CPU.Build.0 = Debug|Any CPU
		{33670853-A5BB-4A66-86C6-C11E7B93C81D}.Release|Any CPU.ActiveCfg = Release|Any CPU
		{33670853-A5BB-4A66-86C6-C11E7B93C81D}.Release|Any CPU.Build.0 = Release|Any CPU
	EndGlobalSection
	GlobalSection(SolutionProperties) = preSolution
		HideSolutionNode = FALSE
	EndGlobalSection
	GlobalSection(ExtensibilityGlobals) = postSolution
		SolutionGuid = {96A859A5-CDA1-4076-B1DD-7773B7BB1F8F}
	EndGlobalSection
EndGlobal
