
Microsoft Visual Studio Solution File, Format Version 12.00
# Visual Studio Version 16
VisualStudioVersion = 16.0.29920.165
MinimumVisualStudioVersion = 10.0.40219.1
Project("{FAE04EC0-301F-11D3-BF4B-00C04F79EFBC}") = "Entidades", "Entidades\Entidades.csproj", "{5D352375-DB5D-476A-9BC4-01FB93F86751}"
EndProject
Project("{FAE04EC0-301F-11D3-BF4B-00C04F79EFBC}") = "VistaConsola", "VistaForm\VistaConsola.csproj", "{F6321010-CB58-4948-A4CA-834E8C643BDF}"
EndProject
Project("{FAE04EC0-301F-11D3-BF4B-00C04F79EFBC}") = "VistaForm", "VistaForma\VistaForm.csproj", "{16ECCFAE-D1C4-48C7-A08A-005B418D2494}"
EndProject
Global
	GlobalSection(SolutionConfigurationPlatforms) = preSolution
		Debug|Any CPU = Debug|Any CPU
		Release|Any CPU = Release|Any CPU
	EndGlobalSection
	GlobalSection(ProjectConfigurationPlatforms) = postSolution
		{5D352375-DB5D-476A-9BC4-01FB93F86751}.Debug|Any CPU.ActiveCfg = Debug|Any CPU
		{5D352375-DB5D-476A-9BC4-01FB93F86751}.Debug|Any CPU.Build.0 = Debug|Any CPU
		{5D352375-DB5D-476A-9BC4-01FB93F86751}.Release|Any CPU.ActiveCfg = Release|Any CPU
		{5D352375-DB5D-476A-9BC4-01FB93F86751}.Release|Any CPU.Build.0 = Release|Any CPU
		{F6321010-CB58-4948-A4CA-834E8C643BDF}.Debug|Any CPU.ActiveCfg = Debug|Any CPU
		{F6321010-CB58-4948-A4CA-834E8C643BDF}.Debug|Any CPU.Build.0 = Debug|Any CPU
		{F6321010-CB58-4948-A4CA-834E8C643BDF}.Release|Any CPU.ActiveCfg = Release|Any CPU
		{F6321010-CB58-4948-A4CA-834E8C643BDF}.Release|Any CPU.Build.0 = Release|Any CPU
		{16ECCFAE-D1C4-48C7-A08A-005B418D2494}.Debug|Any CPU.ActiveCfg = Debug|Any CPU
		{16ECCFAE-D1C4-48C7-A08A-005B418D2494}.Debug|Any CPU.Build.0 = Debug|Any CPU
		{16ECCFAE-D1C4-48C7-A08A-005B418D2494}.Release|Any CPU.ActiveCfg = Release|Any CPU
		{16ECCFAE-D1C4-48C7-A08A-005B418D2494}.Release|Any CPU.Build.0 = Release|Any CPU
	EndGlobalSection
	GlobalSection(SolutionProperties) = preSolution
		HideSolutionNode = FALSE
	EndGlobalSection
	GlobalSection(ExtensibilityGlobals) = postSolution
		SolutionGuid = {5E1CAB2B-99FB-47A1-8B85-885D64280B9C}
	EndGlobalSection
EndGlobal
